
Microsoft Visual Studio Solution File, Format Version 12.00
# Visual Studio Version 17
VisualStudioVersion = 17.0.31903.59
MinimumVisualStudioVersion = 10.0.40219.1
Project("{2150E333-8FDC-42A3-9474-1A3956D46DE8}") = "src", "src", "{827E0CD3-B72D-47B6-A68D-7590B98EB39B}"
EndProject
Project("{FAE04EC0-301F-11D3-BF4B-00C04F79EFBC}") = "CodingTest", "src\CodingTest\CodingTest.csproj", "{AB121581-FD82-4134-9356-615EB1FA098A}"
EndProject
Project("{FAE04EC0-301F-11D3-BF4B-00C04F79EFBC}") = "CodingTestCli", "src\CodingTestCli\CodingTestCli.csproj", "{6A8F5FB0-479E-4243-B890-3C924A054EEE}"
EndProject
Project("{2150E333-8FDC-42A3-9474-1A3956D46DE8}") = "tests", "tests", "{0AB3BF05-4346-4AA6-1389-037BE0695223}"
EndProject
Project("{FAE04EC0-301F-11D3-BF4B-00C04F79EFBC}") = "CodingTestUnitTests", "tests\CodingTestUnitTests\CodingTestUnitTests.csproj", "{7E126E1B-BB0C-4FFE-A587-AB9E8926FEBA}"
EndProject
Global
	GlobalSection(SolutionConfigurationPlatforms) = preSolution
		Debug|Any CPU = Debug|Any CPU
		Debug|x64 = Debug|x64
		Debug|x86 = Debug|x86
		Release|Any CPU = Release|Any CPU
		Release|x64 = Release|x64
		Release|x86 = Release|x86
	EndGlobalSection
	GlobalSection(ProjectConfigurationPlatforms) = postSolution
		{AB121581-FD82-4134-9356-615EB1FA098A}.Debug|Any CPU.ActiveCfg = Debug|Any CPU
		{AB121581-FD82-4134-9356-615EB1FA098A}.Debug|Any CPU.Build.0 = Debug|Any CPU
		{AB121581-FD82-4134-9356-615EB1FA098A}.Debug|x64.ActiveCfg = Debug|Any CPU
		{AB121581-FD82-4134-9356-615EB1FA098A}.Debug|x64.Build.0 = Debug|Any CPU
		{AB121581-FD82-4134-9356-615EB1FA098A}.Debug|x86.ActiveCfg = Debug|Any CPU
		{AB121581-FD82-4134-9356-615EB1FA098A}.Debug|x86.Build.0 = Debug|Any CPU
		{AB121581-FD82-4134-9356-615EB1FA098A}.Release|Any CPU.ActiveCfg = Release|Any CPU
		{AB121581-FD82-4134-9356-615EB1FA098A}.Release|Any CPU.Build.0 = Release|Any CPU
		{AB121581-FD82-4134-9356-615EB1FA098A}.Release|x64.ActiveCfg = Release|Any CPU
		{AB121581-FD82-4134-9356-615EB1FA098A}.Release|x64.Build.0 = Release|Any CPU
		{AB121581-FD82-4134-9356-615EB1FA098A}.Release|x86.ActiveCfg = Release|Any CPU
		{AB121581-FD82-4134-9356-615EB1FA098A}.Release|x86.Build.0 = Release|Any CPU
		{6A8F5FB0-479E-4243-B890-3C924A054EEE}.Debug|Any CPU.ActiveCfg = Debug|Any CPU
		{6A8F5FB0-479E-4243-B890-3C924A054EEE}.Debug|Any CPU.Build.0 = Debug|Any CPU
		{6A8F5FB0-479E-4243-B890-3C924A054EEE}.Debug|x64.ActiveCfg = Debug|Any CPU
		{6A8F5FB0-479E-4243-B890-3C924A054EEE}.Debug|x64.Build.0 = Debug|Any CPU
		{6A8F5FB0-479E-4243-B890-3C924A054EEE}.Debug|x86.ActiveCfg = Debug|Any CPU
		{6A8F5FB0-479E-4243-B890-3C924A054EEE}.Debug|x86.Build.0 = Debug|Any CPU
		{6A8F5FB0-479E-4243-B890-3C924A054EEE}.Release|Any CPU.ActiveCfg = Release|Any CPU
		{6A8F5FB0-479E-4243-B890-3C924A054EEE}.Release|Any CPU.Build.0 = Release|Any CPU
		{6A8F5FB0-479E-4243-B890-3C924A054EEE}.Release|x64.ActiveCfg = Release|Any CPU
		{6A8F5FB0-479E-4243-B890-3C924A054EEE}.Release|x64.Build.0 = Release|Any CPU
		{6A8F5FB0-479E-4243-B890-3C924A054EEE}.Release|x86.ActiveCfg = Release|Any CPU
		{6A8F5FB0-479E-4243-B890-3C924A054EEE}.Release|x86.Build.0 = Release|Any CPU
		{7E126E1B-BB0C-4FFE-A587-AB9E8926FEBA}.Debug|Any CPU.ActiveCfg = Debug|Any CPU
		{7E126E1B-BB0C-4FFE-A587-AB9E8926FEBA}.Debug|Any CPU.Build.0 = Debug|Any CPU
		{7E126E1B-BB0C-4FFE-A587-AB9E8926FEBA}.Debug|x64.ActiveCfg = Debug|Any CPU
		{7E126E1B-BB0C-4FFE-A587-AB9E8926FEBA}.Debug|x64.Build.0 = Debug|Any CPU
		{7E126E1B-BB0C-4FFE-A587-AB9E8926FEBA}.Debug|x86.ActiveCfg = Debug|Any CPU
		{7E126E1B-BB0C-4FFE-A587-AB9E8926FEBA}.Debug|x86.Build.0 = Debug|Any CPU
		{7E126E1B-BB0C-4FFE-A587-AB9E8926FEBA}.Release|Any CPU.ActiveCfg = Release|Any CPU
		{7E126E1B-BB0C-4FFE-A587-AB9E8926FEBA}.Release|Any CPU.Build.0 = Release|Any CPU
		{7E126E1B-BB0C-4FFE-A587-AB9E8926FEBA}.Release|x64.ActiveCfg = Release|Any CPU
		{7E126E1B-BB0C-4FFE-A587-AB9E8926FEBA}.Release|x64.Build.0 = Release|Any CPU
		{7E126E1B-BB0C-4FFE-A587-AB9E8926FEBA}.Release|x86.ActiveCfg = Release|Any CPU
		{7E126E1B-BB0C-4FFE-A587-AB9E8926FEBA}.Release|x86.Build.0 = Release|Any CPU
	EndGlobalSection
	GlobalSection(SolutionProperties) = preSolution
		HideSolutionNode = FALSE
	EndGlobalSection
	GlobalSection(NestedProjects) = preSolution
		{AB121581-FD82-4134-9356-615EB1FA098A} = {827E0CD3-B72D-47B6-A68D-7590B98EB39B}
		{6A8F5FB0-479E-4243-B890-3C924A054EEE} = {827E0CD3-B72D-47B6-A68D-7590B98EB39B}
		{7E126E1B-BB0C-4FFE-A587-AB9E8926FEBA} = {0AB3BF05-4346-4AA6-1389-037BE0695223}
	EndGlobalSection
EndGlobal
